<?xml version="1.0" encoding="UTF-8" standalone="yes" ?>
<CodeBlocks_project_file>
	<FileVersion major="1" minor="6" />
	<Project>
		<Option title="EDD_PY1_Fase1" />
		<Option pch_mode="2" />
		<Option compiler="gcc" />
		<Build>
			<Target title="Debug">
				<Option output="bin/Debug/EDD_PY1_Fase1" prefix_auto="1" extension_auto="1" />
				<Option object_output="obj/Debug/" />
				<Option type="1" />
				<Option compiler="gcc" />
				<Compiler>
					<Add option="-g" />
					<Add directory="include" />
				</Compiler>
			</Target>
			<Target title="Release">
				<Option output="bin/Release/EDD_PY1_Fase1" prefix_auto="1" extension_auto="1" />
				<Option object_output="obj/Release/" />
				<Option type="1" />
				<Option compiler="gcc" />
				<Compiler>
					<Add option="-O2" />
					<Add directory="include" />
				</Compiler>
				<Linker>
					<Add option="-s" />
				</Linker>
			</Target>
		</Build>
		<Compiler>
			<Add option="-Wall" />
			<Add option="-fexceptions" />
		</Compiler>
		<Unit filename="empleados.csv" />
		<Unit filename="include/ColaPrioridad.cpp" />
		<Unit filename="include/ColaPrioridad.h" />
		<Unit filename="include/Empleado.cpp" />
		<Unit filename="include/Empleado.h" />
		<Unit filename="include/ListaDE.cpp" />
		<Unit filename="include/ListaDE.h" />
		<Unit filename="include/ListaDEC.cpp" />
		<Unit filename="include/ListaDEC.h" />
		<Unit filename="include/Matriz.cpp" />
		<Unit filename="include/Matriz.h" />
		<Unit filename="include/NodoCola.cpp" />
		<Unit filename="include/NodoCola.h" />
		<Unit filename="include/NodoListaDE.cpp" />
		<Unit filename="include/NodoListaDE.h" />
		<Unit filename="include/NodoListaDEC.cpp" />
		<Unit filename="include/NodoListaDEC.h" />
		<Unit filename="include/NodoMatriz.cpp" />
		<Unit filename="include/NodoMatriz.h" />
		<Unit filename="include/Proyecto.cpp" />
		<Unit filename="include/Proyecto.h" />
		<Unit filename="include/Tarea.cpp" />
		<Unit filename="include/Tarea.h" />
		<Unit filename="main.cpp" />
		<Extensions />
	</Project>
</CodeBlocks_project_file>
